Microsoft Visual Studio Solution File, Format Version 12.00
# Visual Studio Version 17
VisualStudioVersion = 17.5.2.0
MinimumVisualStudioVersion = 10.0.40219.1
Project("{FAE04EC0-301F-11D3-BF4B-00C04F79EFBC}") = "Team11API", "Team11API\Team11API.csproj", "{32C7DA68-C4BA-A46A-376C-0BE8BDF3BF15}"
EndProject
Global
	GlobalSection(SolutionConfigurationPlatforms) = preSolution
		Debug|Any CPU = Debug|Any CPU
		Release|Any CPU = Release|Any CPU
	EndGlobalSection
	GlobalSection(ProjectConfigurationPlatforms) = postSolution
		{32C7DA68-C4BA-A46A-376C-0BE8BDF3BF15}.Debug|Any CPU.ActiveCfg = Debug|Any CPU
		{32C7DA68-C4BA-A46A-376C-0BE8BDF3BF15}.Debug|Any CPU.Build.0 = Debug|Any CPU
		{32C7DA68-C4BA-A46A-376C-0BE8BDF3BF15}.Release|Any CPU.ActiveCfg = Release|Any CPU
		{32C7DA68-C4BA-A46A-376C-0BE8BDF3BF15}.Release|Any CPU.Build.0 = Release|Any CPU
	EndGlobalSection
	GlobalSection(SolutionProperties) = preSolution
		HideSolutionNode = FALSE
	EndGlobalSection
	GlobalSection(ExtensibilityGlobals) = postSolution
		SolutionGuid = {78E956BF-2117-4C92-8F52-50AF333C18B7}
	EndGlobalSection
EndGlobal
